
Microsoft Visual Studio Solution File, Format Version 12.00
# Visual Studio Version 17
VisualStudioVersion = 17.8.34330.188
MinimumVisualStudioVersion = 10.0.40219.1
Project("{FAE04EC0-301F-11D3-BF4B-00C04F79EFBC}") = "Aplikasi Apotek", "Aplikasi Apotek\Aplikasi Apotek.csproj", "{08EB25F2-9536-4A20-8C24-427B47D58880}"
EndProject
Global
	GlobalSection(SolutionConfigurationPlatforms) = preSolution
		Debug|Any CPU = Debug|Any CPU
		Release|Any CPU = Release|Any CPU
	EndGlobalSection
	GlobalSection(ProjectConfigurationPlatforms) = postSolution
		{08EB25F2-9536-4A20-8C24-427B47D58880}.Debug|Any CPU.ActiveCfg = Debug|Any CPU
		{08EB25F2-9536-4A20-8C24-427B47D58880}.Debug|Any CPU.Build.0 = Debug|Any CPU
		{08EB25F2-9536-4A20-8C24-427B47D58880}.Release|Any CPU.ActiveCfg = Release|Any CPU
		{08EB25F2-9536-4A20-8C24-427B47D58880}.Release|Any CPU.Build.0 = Release|Any CPU
	EndGlobalSection
	GlobalSection(SolutionProperties) = preSolution
		HideSolutionNode = FALSE
	EndGlobalSection
	GlobalSection(ExtensibilityGlobals) = postSolution
		SolutionGuid = {5E96072B-3C85-4245-98CF-8DB577A1F4C5}
	EndGlobalSection
EndGlobal
